{
  "version": 4,
  "terraform_version": "1.14.6",
  "serial": 55,
  "lineage": "d811ad93-41ac-fadb-5dd8-04b7b93744f3",
  "outputs": {
    "api_function_url": {
      "value": "https://xvhbqat6ztnylkt7k74ho63qgq0bxkhk.lambda-url.us-east-1.on.aws/",
      "type": "string"
    },
    "billing_alert_10d_rule_arn": {
      "value": "arn:aws:events:us-east-1:760156505046:rule/meta-analyst-alert-10d-prod",
      "type": "string"
    },
    "billing_alert_15d_rule_arn": {
      "value": "arn:aws:events:us-east-1:760156505046:rule/meta-analyst-alert-15d-prod",
      "type": "string"
    },
    "billing_alert_1d_rule_arn": {
      "value": "arn:aws:events:us-east-1:760156505046:rule/meta-analyst-alert-1d-prod",
      "type": "string"
    },
    "billing_alert_5d_rule_arn": {
      "value": "arn:aws:events:us-east-1:760156505046:rule/meta-analyst-alert-5d-prod",
      "type": "string"
    },
    "ecr_repository_url": {
      "value": "760156505046.dkr.ecr.us-east-1.amazonaws.com/meta-analyst-api",
      "type": "string"
    },
    "github_actions_role_arn": {
      "value": "arn:aws:iam::760156505046:role/meta-analyst-github-actions-prod",
      "type": "string"
    },
    "lambda_exec_role_arn": {
      "value": "arn:aws:iam::760156505046:role/meta-analyst-lambda-exec-prod",
      "type": "string"
    },
    "s3_bucket_arn": {
      "value": "arn:aws:s3:::meta-analyst-data-lake-760156505046",
      "type": "string"
    },
    "s3_bucket_name": {
      "value": "meta-analyst-data-lake-760156505046",
      "type": "string"
    },
    "sns_billing_alert_arn": {
      "value": "arn:aws:sns:us-east-1:760156505046:meta-analyst-billing-alert-prod",
      "type": "string"
    }
  },
  "resources": [
    {
      "mode": "managed",
      "type": "aws_ecr_lifecycle_policy",
      "name": "api",
      "provider": "provider[\"registry.terraform.io/hashicorp/aws\"]",
      "instances": [
        {
          "schema_version": 0,
          "attributes": {
            "id": "meta-analyst-api",
            "policy": "{\"rules\":[{\"action\":{\"type\":\"expire\"},\"description\":\"Keep only the 5 most recent images\",\"rulePriority\":1,\"selection\":{\"countNumber\":5,\"countType\":\"imageCountMoreThan\",\"tagStatus\":\"any\"}}]}",
            "registry_id": "760156505046",
            "repository": "meta-analyst-api"
          },
          "sensitive_attributes": [],
          "identity_schema_version": 0,
          "private": "bnVsbA==",
          "dependencies": [
            "aws_ecr_repository.api"
          ]
        }
      ]
    },
    {
      "mode": "managed",
      "type": "aws_ecr_repository",
      "name": "api",
      "provider": "provider[\"registry.terraform.io/hashicorp/aws\"]",
      "instances": [
        {
          "schema_version": 0,
          "attributes": {
            "arn": "arn:aws:ecr:us-east-1:760156505046:repository/meta-analyst-api",
            "encryption_configuration": [
              {
                "encryption_type": "AES256",
                "kms_key": ""
              }
            ],
            "force_delete": null,
            "id": "meta-analyst-api",
            "image_scanning_configuration": [
              {
                "scan_on_push": true
              }
            ],
            "image_tag_mutability": "MUTABLE",
            "name": "meta-analyst-api",
            "registry_id": "760156505046",
            "repository_url": "760156505046.dkr.ecr.us-east-1.amazonaws.com/meta-analyst-api",
            "tags": {},
            "tags_all": {
              "Environment": "prod",
              "ManagedBy": "terraform",
              "Project": "meta-analyst"
            },
            "timeouts": null
          },
          "sensitive_attributes": [],
          "identity_schema_version": 0,
          "private": "eyJlMmJmYjczMC1lY2FhLTExZTYtOGY4OC0zNDM2M2JjN2M0YzAiOnsiZGVsZXRlIjoxMjAwMDAwMDAwMDAwfX0="
        }
      ]
    },
    {
      "mode": "managed",
      "type": "aws_ecr_repository_policy",
      "name": "api",
      "provider": "provider[\"registry.terraform.io/hashicorp/aws\"]",
      "instances": [
        {
          "schema_version": 0,
          "attributes": {
            "id": "meta-analyst-api",
            "policy": "{\"Statement\":[{\"Action\":[\"ecr:BatchGetImage\",\"ecr:GetDownloadUrlForLayer\"],\"Effect\":\"Allow\",\"Principal\":{\"Service\":\"lambda.amazonaws.com\"},\"Sid\":\"LambdaECRImageRetrievalPolicy\"}],\"Version\":\"2012-10-17\"}",
            "registry_id": "760156505046",
            "repository": "meta-analyst-api"
          },
          "sensitive_attributes": [],
          "identity_schema_version": 0,
          "private": "bnVsbA==",
          "dependencies": [
            "aws_ecr_repository.api"
          ]
        }
      ]
    },
    {
      "mode": "managed",
      "type": "aws_lambda_function",
      "name": "api",
      "provider": "provider[\"registry.terraform.io/hashicorp/aws\"]",
      "instances": [
        {
          "schema_version": 0,
          "attributes": {
            "architectures": [
              "x86_64"
            ],
            "arn": "arn:aws:lambda:us-east-1:760156505046:function:meta-analyst-api",
            "code_sha256": "759df05843247ec01892ea0043848e01710ce2cf21251e61895cac4750a2ef56",
            "code_signing_config_arn": "",
            "dead_letter_config": [],
            "description": "",
            "environment": [
              {
                "variables": {
                  "DUCKDB_EXTENSION_DIRECTORY": "/var/task/.duckdb_ext",
                  "S3_BUCKET": "meta-analyst-data-lake-760156505046"
                }
              }
            ],
            "ephemeral_storage": [
              {
                "size": 512
              }
            ],
            "file_system_config": [],
            "filename": null,
            "function_name": "meta-analyst-api",
            "handler": "",
            "id": "meta-analyst-api",
            "image_config": [],
            "image_uri": "760156505046.dkr.ecr.us-east-1.amazonaws.com/meta-analyst-api:latest",
            "invoke_arn": "arn:aws:apigateway:us-east-1:lambda:path/2015-03-31/functions/arn:aws:lambda:us-east-1:760156505046:function:meta-analyst-api/invocations",
            "kms_key_arn": "",
            "last_modified": "2026-03-02T05:46:31.000+0000",
            "layers": [],
            "logging_config": [
              {
                "application_log_level": "",
                "log_format": "Text",
                "log_group": "/aws/lambda/meta-analyst-api",
                "system_log_level": ""
              }
            ],
            "memory_size": 512,
            "package_type": "Image",
            "publish": false,
            "qualified_arn": "arn:aws:lambda:us-east-1:760156505046:function:meta-analyst-api:$LATEST",
            "qualified_invoke_arn": "arn:aws:apigateway:us-east-1:lambda:path/2015-03-31/functions/arn:aws:lambda:us-east-1:760156505046:function:meta-analyst-api:$LATEST/invocations",
            "replace_security_groups_on_destroy": null,
            "replacement_security_group_ids": null,
            "reserved_concurrent_executions": -1,
            "role": "arn:aws:iam::760156505046:role/meta-analyst-lambda-exec-prod",
            "runtime": "",
            "s3_bucket": null,
            "s3_key": null,
            "s3_object_version": null,
            "signing_job_arn": "",
            "signing_profile_version_arn": "",
            "skip_destroy": false,
            "snap_start": [],
            "source_code_hash": "",
            "source_code_size": 0,
            "tags": {},
            "tags_all": {
              "Environment": "prod",
              "ManagedBy": "terraform",
              "Project": "meta-analyst"
            },
            "timeout": 60,
            "timeouts": null,
            "tracing_config": [
              {
                "mode": "PassThrough"
              }
            ],
            "version": "$LATEST",
            "vpc_config": []
          },
          "sensitive_attributes": [],
          "identity_schema_version": 0,
          "private": "eyJlMmJmYjczMC1lY2FhLTExZTYtOGY4OC0zNDM2M2JjN2M0YzAiOnsiY3JlYXRlIjo2MDAwMDAwMDAwMDAsImRlbGV0ZSI6NjAwMDAwMDAwMDAwLCJ1cGRhdGUiOjYwMDAwMDAwMDAwMH19",
          "dependencies": [
            "aws_ecr_repository.api",
            "module.iam.aws_iam_openid_connect_provider.github",
            "module.iam.aws_iam_role.github_actions",
            "module.iam.aws_iam_role.lambda_exec",
            "module.iam.aws_iam_role_policy.github_actions_s3",
            "module.iam.aws_iam_role_policy.lambda_s3_read",
            "module.iam.aws_iam_role_policy_attachment.lambda_basic",
            "module.iam.data.aws_caller_identity.current",
            "module.s3_lake.aws_s3_bucket.data_lake",
            "module.s3_lake.aws_s3_bucket_lifecycle_configuration.data_lake",
            "module.s3_lake.aws_s3_bucket_public_access_block.data_lake",
            "module.s3_lake.aws_s3_bucket_server_side_encryption_configuration.data_lake",
            "module.s3_lake.aws_s3_bucket_versioning.data_lake"
          ]
        }
      ]
    },
    {
      "mode": "managed",
      "type": "aws_lambda_function_url",
      "name": "api",
      "provider": "provider[\"registry.terraform.io/hashicorp/aws\"]",
      "instances": [
        {
          "schema_version": 0,
          "attributes": {
            "authorization_type": "NONE",
            "cors": [
              {
                "allow_credentials": false,
                "allow_headers": [
                  "*"
                ],
                "allow_methods": [
                  "GET"
                ],
                "allow_origins": [
                  "*"
                ],
                "expose_headers": null,
                "max_age": 0
              }
            ],
            "function_arn": "arn:aws:lambda:us-east-1:760156505046:function:meta-analyst-api",
            "function_name": "meta-analyst-api",
            "function_url": "https://xvhbqat6ztnylkt7k74ho63qgq0bxkhk.lambda-url.us-east-1.on.aws/",
            "id": "meta-analyst-api",
            "invoke_mode": "BUFFERED",
            "qualifier": "",
            "timeouts": null,
            "url_id": "xvhbqat6ztnylkt7k74ho63qgq0bxkhk"
          },
          "sensitive_attributes": [],
          "identity_schema_version": 0,
          "private": "eyJlMmJmYjczMC1lY2FhLTExZTYtOGY4OC0zNDM2M2JjN2M0YzAiOnsiY3JlYXRlIjo2MDAwMDAwMDAwMDB9fQ==",
          "dependencies": [
            "aws_ecr_repository.api",
            "aws_lambda_function.api",
            "module.iam.aws_iam_openid_connect_provider.github",
            "module.iam.aws_iam_role.github_actions",
            "module.iam.aws_iam_role.lambda_exec",
            "module.iam.aws_iam_role_policy.github_actions_s3",
            "module.iam.aws_iam_role_policy.lambda_s3_read",
            "module.iam.aws_iam_role_policy_attachment.lambda_basic",
            "module.iam.data.aws_caller_identity.current",
            "module.s3_lake.aws_s3_bucket.data_lake",
            "module.s3_lake.aws_s3_bucket_lifecycle_configuration.data_lake",
            "module.s3_lake.aws_s3_bucket_public_access_block.data_lake",
            "module.s3_lake.aws_s3_bucket_server_side_encryption_configuration.data_lake",
            "module.s3_lake.aws_s3_bucket_versioning.data_lake"
          ]
        }
      ]
    },
    {
      "mode": "managed",
      "type": "aws_lambda_permission",
      "name": "api_url_public",
      "provider": "provider[\"registry.terraform.io/hashicorp/aws\"]",
      "instances": [
        {
          "schema_version": 0,
          "attributes": {
            "action": "lambda:InvokeFunctionUrl",
            "event_source_token": "",
            "function_name": "meta-analyst-api",
            "function_url_auth_type": "NONE",
            "id": "FunctionURLPublicAccess",
            "principal": "*",
            "principal_org_id": "",
            "qualifier": "",
            "source_account": "",
            "source_arn": null,
            "statement_id": "FunctionURLPublicAccess",
            "statement_id_prefix": ""
          },
          "sensitive_attributes": [],
          "identity_schema_version": 0,
          "private": "bnVsbA==",
          "dependencies": [
            "aws_ecr_repository.api",
            "aws_lambda_function.api",
            "module.iam.aws_iam_openid_connect_provider.github",
            "module.iam.aws_iam_role.github_actions",
            "module.iam.aws_iam_role.lambda_exec",
            "module.iam.aws_iam_role_policy.github_actions_s3",
            "module.iam.aws_iam_role_policy.lambda_s3_read",
            "module.iam.aws_iam_role_policy_attachment.lambda_basic",
            "module.iam.data.aws_caller_identity.current",
            "module.s3_lake.aws_s3_bucket.data_lake",
            "module.s3_lake.aws_s3_bucket_lifecycle_configuration.data_lake",
            "module.s3_lake.aws_s3_bucket_public_access_block.data_lake",
            "module.s3_lake.aws_s3_bucket_server_side_encryption_configuration.data_lake",
            "module.s3_lake.aws_s3_bucket_versioning.data_lake"
          ]
        }
      ]
    },
    {
      "module": "module.billing_alert",
      "mode": "managed",
      "type": "aws_cloudwatch_event_rule",
      "name": "alert_1",
      "provider": "provider[\"registry.terraform.io/hashicorp/aws\"]",
      "instances": [
        {
          "schema_version": 1,
          "attributes": {
            "arn": "arn:aws:events:us-east-1:760156505046:rule/meta-analyst-alert-1d-prod",
            "description": "Final alert 1 day before AWS free tier expires (2026-08-28)",
            "event_bus_name": "default",
            "event_pattern": null,
            "force_destroy": false,
            "id": "meta-analyst-alert-1d-prod",
            "is_enabled": true,
            "name": "meta-analyst-alert-1d-prod",
            "name_prefix": "",
            "role_arn": "",
            "schedule_expression": "cron(0 9 27 8 ? 2026)",
            "state": "ENABLED",
            "tags": {},
            "tags_all": {
              "Environment": "prod",
              "ManagedBy": "terraform",
              "Project": "meta-analyst"
            }
          },
          "sensitive_attributes": [],
          "identity_schema_version": 0,
          "private": "eyJzY2hlbWFfdmVyc2lvbiI6IjEifQ=="
        }
      ]
    },
    {
      "module": "module.billing_alert",
      "mode": "managed",
      "type": "aws_cloudwatch_event_rule",
      "name": "alert_10",
      "provider": "provider[\"registry.terraform.io/hashicorp/aws\"]",
      "instances": [
        {
          "schema_version": 1,
          "attributes": {
            "arn": "arn:aws:events:us-east-1:760156505046:rule/meta-analyst-alert-10d-prod",
            "description": "Alert 10 days before AWS free tier expires (2026-08-28)",
            "event_bus_name": "default",
            "event_pattern": null,
            "force_destroy": false,
            "id": "meta-analyst-alert-10d-prod",
            "is_enabled": true,
            "name": "meta-analyst-alert-10d-prod",
            "name_prefix": "",
            "role_arn": "",
            "schedule_expression": "cron(0 9 18 8 ? 2026)",
            "state": "ENABLED",
            "tags": {},
            "tags_all": {
              "Environment": "prod",
              "ManagedBy": "terraform",
              "Project": "meta-analyst"
            }
          },
          "sensitive_attributes": [],
          "identity_schema_version": 0,
          "private": "eyJzY2hlbWFfdmVyc2lvbiI6IjEifQ=="
        }
      ]
    },
    {
      "module": "module.billing_alert",
      "mode": "managed",
      "type": "aws_cloudwatch_event_rule",
      "name": "alert_15",
      "provider": "provider[\"registry.terraform.io/hashicorp/aws\"]",
      "instances": [
        {
          "schema_version": 1,
          "attributes": {
            "arn": "arn:aws:events:us-east-1:760156505046:rule/meta-analyst-alert-15d-prod",
            "description": "Alert 15 days before AWS free tier expires (2026-08-28)",
            "event_bus_name": "default",
            "event_pattern": null,
            "force_destroy": false,
            "id": "meta-analyst-alert-15d-prod",
            "is_enabled": true,
            "name": "meta-analyst-alert-15d-prod",
            "name_prefix": "",
            "role_arn": "",
            "schedule_expression": "cron(0 9 13 8 ? 2026)",
            "state": "ENABLED",
            "tags": {},
            "tags_all": {
              "Environment": "prod",
              "ManagedBy": "terraform",
              "Project": "meta-analyst"
            }
          },
          "sensitive_attributes": [],
          "identity_schema_version": 0,
          "private": "eyJzY2hlbWFfdmVyc2lvbiI6IjEifQ=="
        }
      ]
    },
    {
      "module": "module.billing_alert",
      "mode": "managed",
      "type": "aws_cloudwatch_event_rule",
      "name": "alert_5",
      "provider": "provider[\"registry.terraform.io/hashicorp/aws\"]",
      "instances": [
        {
          "schema_version": 1,
          "attributes": {
            "arn": "arn:aws:events:us-east-1:760156505046:rule/meta-analyst-alert-5d-prod",
            "description": "Alert 5 days before AWS free tier expires (2026-08-28)",
            "event_bus_name": "default",
            "event_pattern": null,
            "force_destroy": false,
            "id": "meta-analyst-alert-5d-prod",
            "is_enabled": true,
            "name": "meta-analyst-alert-5d-prod",
            "name_prefix": "",
            "role_arn": "",
            "schedule_expression": "cron(0 9 23 8 ? 2026)",
            "state": "ENABLED",
            "tags": {},
            "tags_all": {
              "Environment": "prod",
              "ManagedBy": "terraform",
              "Project": "meta-analyst"
            }
          },
          "sensitive_attributes": [],
          "identity_schema_version": 0,
          "private": "eyJzY2hlbWFfdmVyc2lvbiI6IjEifQ=="
        }
      ]
    },
    {
      "module": "module.billing_alert",
      "mode": "managed",
      "type": "aws_cloudwatch_event_target",
      "name": "alert_1",
      "provider": "provider[\"registry.terraform.io/hashicorp/aws\"]",
      "instances": [
        {
          "schema_version": 1,
          "attributes": {
            "appsync_target": [],
            "arn": "arn:aws:sns:us-east-1:760156505046:meta-analyst-billing-alert-prod",
            "batch_target": [],
            "dead_letter_config": [],
            "ecs_target": [],
            "event_bus_name": "default",
            "force_destroy": false,
            "http_target": [],
            "id": "meta-analyst-alert-1d-prod-BillingAlert1d",
            "input": "",
            "input_path": "",
            "input_transformer": [
              {
                "input_paths": {},
                "input_template": "\"META-ANALYST FINAL WARNING: AWS free tier expires TOMORROW (2026-08-28). Rotate to Account B immediately or you will be charged.\""
              }
            ],
            "kinesis_target": [],
            "redshift_target": [],
            "retry_policy": [],
            "role_arn": "",
            "rule": "meta-analyst-alert-1d-prod",
            "run_command_targets": [],
            "sagemaker_pipeline_target": [],
            "sqs_target": [],
            "target_id": "BillingAlert1d"
          },
          "sensitive_attributes": [],
          "identity_schema_version": 0,
          "private": "eyJzY2hlbWFfdmVyc2lvbiI6IjEifQ==",
          "dependencies": [
            "module.billing_alert.aws_cloudwatch_event_rule.alert_1",
            "module.billing_alert.aws_sns_topic.billing_alert"
          ]
        }
      ]
    },
    {
      "module": "module.billing_alert",
      "mode": "managed",
      "type": "aws_cloudwatch_event_target",
      "name": "alert_10",
      "provider": "provider[\"registry.terraform.io/hashicorp/aws\"]",
      "instances": [
        {
          "schema_version": 1,
          "attributes": {
            "appsync_target": [],
            "arn": "arn:aws:sns:us-east-1:760156505046:meta-analyst-billing-alert-prod",
            "batch_target": [],
            "dead_letter_config": [],
            "ecs_target": [],
            "event_bus_name": "default",
            "force_destroy": false,
            "http_target": [],
            "id": "meta-analyst-alert-10d-prod-BillingAlert10d",
            "input": "",
            "input_path": "",
            "input_transformer": [
              {
                "input_paths": {},
                "input_template": "\"META-ANALYST: AWS free tier expires in 10 days (2026-08-28). Account B rotation must begin immediately.\""
              }
            ],
            "kinesis_target": [],
            "redshift_target": [],
            "retry_policy": [],
            "role_arn": "",
            "rule": "meta-analyst-alert-10d-prod",
            "run_command_targets": [],
            "sagemaker_pipeline_target": [],
            "sqs_target": [],
            "target_id": "BillingAlert10d"
          },
          "sensitive_attributes": [],
          "identity_schema_version": 0,
          "private": "eyJzY2hlbWFfdmVyc2lvbiI6IjEifQ==",
          "dependencies": [
            "module.billing_alert.aws_cloudwatch_event_rule.alert_10",
            "module.billing_alert.aws_sns_topic.billing_alert"
          ]
        }
      ]
    },
    {
      "module": "module.billing_alert",
      "mode": "managed",
      "type": "aws_cloudwatch_event_target",
      "name": "alert_15",
      "provider": "provider[\"registry.terraform.io/hashicorp/aws\"]",
      "instances": [
        {
          "schema_version": 1,
          "attributes": {
            "appsync_target": [],
            "arn": "arn:aws:sns:us-east-1:760156505046:meta-analyst-billing-alert-prod",
            "batch_target": [],
            "dead_letter_config": [],
            "ecs_target": [],
            "event_bus_name": "default",
            "force_destroy": false,
            "http_target": [],
            "id": "meta-analyst-alert-15d-prod-BillingAlert15d",
            "input": "",
            "input_path": "",
            "input_transformer": [
              {
                "input_paths": {},
                "input_template": "\"META-ANALYST: AWS free tier expires in 15 days (2026-08-28). Start Account B rotation now — see terraform/environments/account_b.tfvars.\""
              }
            ],
            "kinesis_target": [],
            "redshift_target": [],
            "retry_policy": [],
            "role_arn": "",
            "rule": "meta-analyst-alert-15d-prod",
            "run_command_targets": [],
            "sagemaker_pipeline_target": [],
            "sqs_target": [],
            "target_id": "BillingAlert15d"
          },
          "sensitive_attributes": [],
          "identity_schema_version": 0,
          "private": "eyJzY2hlbWFfdmVyc2lvbiI6IjEifQ==",
          "dependencies": [
            "module.billing_alert.aws_cloudwatch_event_rule.alert_15",
            "module.billing_alert.aws_sns_topic.billing_alert"
          ]
        }
      ]
    },
    {
      "module": "module.billing_alert",
      "mode": "managed",
      "type": "aws_cloudwatch_event_target",
      "name": "alert_5",
      "provider": "provider[\"registry.terraform.io/hashicorp/aws\"]",
      "instances": [
        {
          "schema_version": 1,
          "attributes": {
            "appsync_target": [],
            "arn": "arn:aws:sns:us-east-1:760156505046:meta-analyst-billing-alert-prod",
            "batch_target": [],
            "dead_letter_config": [],
            "ecs_target": [],
            "event_bus_name": "default",
            "force_destroy": false,
            "http_target": [],
            "id": "meta-analyst-alert-5d-prod-BillingAlert5d",
            "input": "",
            "input_path": "",
            "input_transformer": [
              {
                "input_paths": {},
                "input_template": "\"META-ANALYST URGENT: AWS free tier expires in 5 days (2026-08-28). Rotate to Account B TODAY.\""
              }
            ],
            "kinesis_target": [],
            "redshift_target": [],
            "retry_policy": [],
            "role_arn": "",
            "rule": "meta-analyst-alert-5d-prod",
            "run_command_targets": [],
            "sagemaker_pipeline_target": [],
            "sqs_target": [],
            "target_id": "BillingAlert5d"
          },
          "sensitive_attributes": [],
          "identity_schema_version": 0,
          "private": "eyJzY2hlbWFfdmVyc2lvbiI6IjEifQ==",
          "dependencies": [
            "module.billing_alert.aws_cloudwatch_event_rule.alert_5",
            "module.billing_alert.aws_sns_topic.billing_alert"
          ]
        }
      ]
    },
    {
      "module": "module.billing_alert",
      "mode": "managed",
      "type": "aws_sns_topic",
      "name": "billing_alert",
      "provider": "provider[\"registry.terraform.io/hashicorp/aws\"]",
      "instances": [
        {
          "schema_version": 0,
          "attributes": {
            "application_failure_feedback_role_arn": "",
            "application_success_feedback_role_arn": "",
            "application_success_feedback_sample_rate": 0,
            "archive_policy": "",
            "arn": "arn:aws:sns:us-east-1:760156505046:meta-analyst-billing-alert-prod",
            "beginning_archive_time": "",
            "content_based_deduplication": false,
            "delivery_policy": "",
            "display_name": "",
            "fifo_throughput_scope": "",
            "fifo_topic": false,
            "firehose_failure_feedback_role_arn": "",
            "firehose_success_feedback_role_arn": "",
            "firehose_success_feedback_sample_rate": 0,
            "http_failure_feedback_role_arn": "",
            "http_success_feedback_role_arn": "",
            "http_success_feedback_sample_rate": 0,
            "id": "arn:aws:sns:us-east-1:760156505046:meta-analyst-billing-alert-prod",
            "kms_master_key_id": "",
            "lambda_failure_feedback_role_arn": "",
            "lambda_success_feedback_role_arn": "",
            "lambda_success_feedback_sample_rate": 0,
            "name": "meta-analyst-billing-alert-prod",
            "name_prefix": "",
            "owner": "760156505046",
            "policy": "{\"Statement\":[{\"Action\":\"SNS:Publish\",\"Effect\":\"Allow\",\"Principal\":{\"Service\":\"events.amazonaws.com\"},\"Resource\":\"arn:aws:sns:us-east-1:760156505046:meta-analyst-billing-alert-prod\",\"Sid\":\"AllowEventBridgePublish\"}],\"Version\":\"2012-10-17\"}",
            "signature_version": 0,
            "sqs_failure_feedback_role_arn": "",
            "sqs_success_feedback_role_arn": "",
            "sqs_success_feedback_sample_rate": 0,
            "tags": {},
            "tags_all": {
              "Environment": "prod",
              "ManagedBy": "terraform",
              "Project": "meta-analyst"
            },
            "tracing_config": ""
          },
          "sensitive_attributes": [],
          "identity_schema_version": 0,
          "private": "bnVsbA=="
        }
      ]
    },
    {
      "module": "module.billing_alert",
      "mode": "managed",
      "type": "aws_sns_topic_policy",
      "name": "allow_eventbridge",
      "provider": "provider[\"registry.terraform.io/hashicorp/aws\"]",
      "instances": [
        {
          "schema_version": 0,
          "attributes": {
            "arn": "arn:aws:sns:us-east-1:760156505046:meta-analyst-billing-alert-prod",
            "id": "arn:aws:sns:us-east-1:760156505046:meta-analyst-billing-alert-prod",
            "owner": "760156505046",
            "policy": "{\"Statement\":[{\"Action\":\"SNS:Publish\",\"Effect\":\"Allow\",\"Principal\":{\"Service\":\"events.amazonaws.com\"},\"Resource\":\"arn:aws:sns:us-east-1:760156505046:meta-analyst-billing-alert-prod\",\"Sid\":\"AllowEventBridgePublish\"}],\"Version\":\"2012-10-17\"}"
          },
          "sensitive_attributes": [],
          "identity_schema_version": 0,
          "private": "bnVsbA==",
          "dependencies": [
            "module.billing_alert.aws_sns_topic.billing_alert"
          ]
        }
      ]
    },
    {
      "module": "module.billing_alert",
      "mode": "managed",
      "type": "aws_sns_topic_subscription",
      "name": "email",
      "provider": "provider[\"registry.terraform.io/hashicorp/aws\"]",
      "instances": [
        {
          "schema_version": 0,
          "attributes": {
            "arn": "arn:aws:sns:us-east-1:760156505046:meta-analyst-billing-alert-prod:84f8ad3a-b5d0-4b66-88c0-4beafc4b80ca",
            "confirmation_timeout_in_minutes": 1,
            "confirmation_was_authenticated": false,
            "delivery_policy": "",
            "endpoint": "mohansai4649@gmail.com",
            "endpoint_auto_confirms": false,
            "filter_policy": "",
            "filter_policy_scope": "",
            "id": "arn:aws:sns:us-east-1:760156505046:meta-analyst-billing-alert-prod:84f8ad3a-b5d0-4b66-88c0-4beafc4b80ca",
            "owner_id": "760156505046",
            "pending_confirmation": false,
            "protocol": "email",
            "raw_message_delivery": false,
            "redrive_policy": "",
            "replay_policy": "",
            "subscription_role_arn": "",
            "topic_arn": "arn:aws:sns:us-east-1:760156505046:meta-analyst-billing-alert-prod"
          },
          "sensitive_attributes": [],
          "identity_schema_version": 0,
          "private": "bnVsbA==",
          "dependencies": [
            "module.billing_alert.aws_sns_topic.billing_alert"
          ]
        }
      ]
    },
    {
      "module": "module.iam",
      "mode": "data",
      "type": "aws_caller_identity",
      "name": "current",
      "provider": "provider[\"registry.terraform.io/hashicorp/aws\"]",
      "instances": [
        {
          "schema_version": 0,
          "attributes": {
            "account_id": "760156505046",
            "arn": "arn:aws:iam::760156505046:user/meta-analyst-cli",
            "id": "760156505046",
            "user_id": "AIDA3B7G3YPLJVW3TN6E3"
          },
          "sensitive_attributes": [],
          "identity_schema_version": 0
        }
      ]
    },
    {
      "module": "module.iam",
      "mode": "managed",
      "type": "aws_iam_openid_connect_provider",
      "name": "github",
      "provider": "provider[\"registry.terraform.io/hashicorp/aws\"]",
      "instances": [
        {
          "schema_version": 0,
          "attributes": {
            "arn": "arn:aws:iam::760156505046:oidc-provider/token.actions.githubusercontent.com",
            "client_id_list": [
              "sts.amazonaws.com"
            ],
            "id": "arn:aws:iam::760156505046:oidc-provider/token.actions.githubusercontent.com",
            "tags": {},
            "tags_all": {
              "Environment": "prod",
              "ManagedBy": "terraform",
              "Project": "meta-analyst"
            },
            "thumbprint_list": [
              "6938fd4d98bab03faadb97b34396831e3780aea1"
            ],
            "url": "token.actions.githubusercontent.com"
          },
          "sensitive_attributes": [],
          "identity_schema_version": 0,
          "private": "bnVsbA==",
          "dependencies": [
            "module.s3_lake.aws_s3_bucket.data_lake",
            "module.s3_lake.aws_s3_bucket_lifecycle_configuration.data_lake",
            "module.s3_lake.aws_s3_bucket_public_access_block.data_lake",
            "module.s3_lake.aws_s3_bucket_server_side_encryption_configuration.data_lake",
            "module.s3_lake.aws_s3_bucket_versioning.data_lake"
          ]
        }
      ]
    },
    {
      "module": "module.iam",
      "mode": "managed",
      "type": "aws_iam_role",
      "name": "github_actions",
      "provider": "provider[\"registry.terraform.io/hashicorp/aws\"]",
      "instances": [
        {
          "schema_version": 0,
          "attributes": {
            "arn": "arn:aws:iam::760156505046:role/meta-analyst-github-actions-prod",
            "assume_role_policy": "{\"Statement\":[{\"Action\":\"sts:AssumeRoleWithWebIdentity\",\"Condition\":{\"StringEquals\":{\"token.actions.githubusercontent.com:aud\":\"sts.amazonaws.com\"},\"StringLike\":{\"token.actions.githubusercontent.com:sub\":\"repo:meta-analyst-hq/meta-analyst:*\"}},\"Effect\":\"Allow\",\"Principal\":{\"Federated\":\"arn:aws:iam::760156505046:oidc-provider/token.actions.githubusercontent.com\"}}],\"Version\":\"2012-10-17\"}",
            "create_date": "2026-02-28T17:57:13Z",
            "description": "",
            "force_detach_policies": false,
            "id": "meta-analyst-github-actions-prod",
            "inline_policy": [
              {
                "name": "meta-analyst-cicd-policy",
                "policy": "{\"Version\":\"2012-10-17\",\"Statement\":[{\"Action\":[\"s3:PutObject\",\"s3:GetObject\",\"s3:DeleteObject\",\"s3:ListBucket\",\"s3:GetBucketLocation\"],\"Effect\":\"Allow\",\"Resource\":[\"arn:aws:s3:::meta-analyst-data-lake-760156505046\",\"arn:aws:s3:::meta-analyst-data-lake-760156505046/*\"],\"Sid\":\"S3DataLakeAccess\"},{\"Action\":[\"ecr:GetAuthorizationToken\"],\"Effect\":\"Allow\",\"Resource\":[\"*\"],\"Sid\":\"ECRAuth\"},{\"Action\":[\"ecr:BatchCheckLayerAvailability\",\"ecr:InitiateLayerUpload\",\"ecr:UploadLayerPart\",\"ecr:CompleteLayerUpload\",\"ecr:PutImage\",\"ecr:BatchGetImage\",\"ecr:GetDownloadUrlForLayer\"],\"Effect\":\"Allow\",\"Resource\":[\"arn:aws:ecr:*:760156505046:repository/meta-analyst-api\"],\"Sid\":\"ECRPush\"},{\"Action\":[\"lambda:CreateFunction\",\"lambda:UpdateFunctionCode\",\"lambda:UpdateFunctionConfiguration\",\"lambda:GetFunction\",\"lambda:GetFunctionConfiguration\",\"lambda:AddPermission\",\"lambda:CreateFunctionUrlConfig\",\"lambda:GetFunctionUrlConfig\",\"lambda:UpdateFunctionUrlConfig\",\"lambda:WaitForFunctionActive\",\"lambda:WaitForFunctionUpdated\"],\"Effect\":\"Allow\",\"Resource\":[\"arn:aws:lambda:*:760156505046:function:meta-analyst-api\"],\"Sid\":\"LambdaDeploy\"},{\"Action\":[\"iam:PassRole\"],\"Effect\":\"Allow\",\"Resource\":[\"arn:aws:iam::760156505046:role/meta-analyst-lambda-exec-prod\"],\"Sid\":\"PassLambdaRole\"}]}"
              }
            ],
            "managed_policy_arns": [],
            "max_session_duration": 3600,
            "name": "meta-analyst-github-actions-prod",
            "name_prefix": "",
            "path": "/",
            "permissions_boundary": "",
            "tags": {},
            "tags_all": {
              "Environment": "prod",
              "ManagedBy": "terraform",
              "Project": "meta-analyst"
            },
            "unique_id": "AROA3B7G3YPLF56YV2JTM"
          },
          "sensitive_attributes": [],
          "identity_schema_version": 0,
          "private": "bnVsbA==",
          "dependencies": [
            "module.iam.aws_iam_openid_connect_provider.github",
            "module.s3_lake.aws_s3_bucket.data_lake",
            "module.s3_lake.aws_s3_bucket_lifecycle_configuration.data_lake",
            "module.s3_lake.aws_s3_bucket_public_access_block.data_lake",
            "module.s3_lake.aws_s3_bucket_server_side_encryption_configuration.data_lake",
            "module.s3_lake.aws_s3_bucket_versioning.data_lake"
          ]
        }
      ]
    },
    {
      "module": "module.iam",
      "mode": "managed",
      "type": "aws_iam_role",
      "name": "lambda_exec",
      "provider": "provider[\"registry.terraform.io/hashicorp/aws\"]",
      "instances": [
        {
          "schema_version": 0,
          "attributes": {
            "arn": "arn:aws:iam::760156505046:role/meta-analyst-lambda-exec-prod",
            "assume_role_policy": "{\"Statement\":[{\"Action\":\"sts:AssumeRole\",\"Effect\":\"Allow\",\"Principal\":{\"Service\":\"lambda.amazonaws.com\"}}],\"Version\":\"2012-10-17\"}",
            "create_date": "2026-02-28T17:57:13Z",
            "description": "",
            "force_detach_policies": false,
            "id": "meta-analyst-lambda-exec-prod",
            "inline_policy": [
              {
                "name": "meta-analyst-lambda-s3-read",
                "policy": "{\"Version\":\"2012-10-17\",\"Statement\":[{\"Action\":[\"s3:GetObject\",\"s3:ListBucket\"],\"Effect\":\"Allow\",\"Resource\":[\"arn:aws:s3:::meta-analyst-data-lake-760156505046\",\"arn:aws:s3:::meta-analyst-data-lake-760156505046/*\"],\"Sid\":\"S3ReadAccess\"}]}"
              }
            ],
            "managed_policy_arns": [
              "arn:aws:iam::aws:policy/service-role/AWSLambdaBasicExecutionRole"
            ],
            "max_session_duration": 3600,
            "name": "meta-analyst-lambda-exec-prod",
            "name_prefix": "",
            "path": "/",
            "permissions_boundary": "",
            "tags": {},
            "tags_all": {
              "Environment": "prod",
              "ManagedBy": "terraform",
              "Project": "meta-analyst"
            },
            "unique_id": "AROA3B7G3YPLOQSD4K475"
          },
          "sensitive_attributes": [],
          "identity_schema_version": 0,
          "private": "bnVsbA==",
          "dependencies": [
            "module.s3_lake.aws_s3_bucket.data_lake",
            "module.s3_lake.aws_s3_bucket_lifecycle_configuration.data_lake",
            "module.s3_lake.aws_s3_bucket_public_access_block.data_lake",
            "module.s3_lake.aws_s3_bucket_server_side_encryption_configuration.data_lake",
            "module.s3_lake.aws_s3_bucket_versioning.data_lake"
          ]
        }
      ]
    },
    {
      "module": "module.iam",
      "mode": "managed",
      "type": "aws_iam_role_policy",
      "name": "github_actions_s3",
      "provider": "provider[\"registry.terraform.io/hashicorp/aws\"]",
      "instances": [
        {
          "schema_version": 0,
          "attributes": {
            "id": "meta-analyst-github-actions-prod:meta-analyst-cicd-policy",
            "name": "meta-analyst-cicd-policy",
            "name_prefix": "",
            "policy": "{\"Version\":\"2012-10-17\",\"Statement\":[{\"Action\":[\"s3:PutObject\",\"s3:GetObject\",\"s3:DeleteObject\",\"s3:ListBucket\",\"s3:GetBucketLocation\"],\"Effect\":\"Allow\",\"Resource\":[\"arn:aws:s3:::meta-analyst-data-lake-760156505046\",\"arn:aws:s3:::meta-analyst-data-lake-760156505046/*\"],\"Sid\":\"S3DataLakeAccess\"},{\"Action\":[\"ecr:GetAuthorizationToken\"],\"Effect\":\"Allow\",\"Resource\":[\"*\"],\"Sid\":\"ECRAuth\"},{\"Action\":[\"ecr:BatchCheckLayerAvailability\",\"ecr:InitiateLayerUpload\",\"ecr:UploadLayerPart\",\"ecr:CompleteLayerUpload\",\"ecr:PutImage\",\"ecr:BatchGetImage\",\"ecr:GetDownloadUrlForLayer\"],\"Effect\":\"Allow\",\"Resource\":[\"arn:aws:ecr:*:760156505046:repository/meta-analyst-api\"],\"Sid\":\"ECRPush\"},{\"Action\":[\"lambda:CreateFunction\",\"lambda:UpdateFunctionCode\",\"lambda:UpdateFunctionConfiguration\",\"lambda:GetFunction\",\"lambda:GetFunctionConfiguration\",\"lambda:AddPermission\",\"lambda:CreateFunctionUrlConfig\",\"lambda:GetFunctionUrlConfig\",\"lambda:UpdateFunctionUrlConfig\",\"lambda:WaitForFunctionActive\",\"lambda:WaitForFunctionUpdated\"],\"Effect\":\"Allow\",\"Resource\":[\"arn:aws:lambda:*:760156505046:function:meta-analyst-api\"],\"Sid\":\"LambdaDeploy\"},{\"Action\":[\"iam:PassRole\"],\"Effect\":\"Allow\",\"Resource\":[\"arn:aws:iam::760156505046:role/meta-analyst-lambda-exec-prod\"],\"Sid\":\"PassLambdaRole\"}]}",
            "role": "meta-analyst-github-actions-prod"
          },
          "sensitive_attributes": [],
          "identity_schema_version": 0,
          "private": "bnVsbA==",
          "dependencies": [
            "module.iam.aws_iam_openid_connect_provider.github",
            "module.iam.aws_iam_role.github_actions",
            "module.iam.aws_iam_role.lambda_exec",
            "module.iam.data.aws_caller_identity.current",
            "module.s3_lake.aws_s3_bucket.data_lake",
            "module.s3_lake.aws_s3_bucket_lifecycle_configuration.data_lake",
            "module.s3_lake.aws_s3_bucket_public_access_block.data_lake",
            "module.s3_lake.aws_s3_bucket_server_side_encryption_configuration.data_lake",
            "module.s3_lake.aws_s3_bucket_versioning.data_lake"
          ]
        }
      ]
    },
    {
      "module": "module.iam",
      "mode": "managed",
      "type": "aws_iam_role_policy",
      "name": "lambda_s3_read",
      "provider": "provider[\"registry.terraform.io/hashicorp/aws\"]",
      "instances": [
        {
          "schema_version": 0,
          "attributes": {
            "id": "meta-analyst-lambda-exec-prod:meta-analyst-lambda-s3-read",
            "name": "meta-analyst-lambda-s3-read",
            "name_prefix": "",
            "policy": "{\"Version\":\"2012-10-17\",\"Statement\":[{\"Action\":[\"s3:GetObject\",\"s3:ListBucket\"],\"Effect\":\"Allow\",\"Resource\":[\"arn:aws:s3:::meta-analyst-data-lake-760156505046\",\"arn:aws:s3:::meta-analyst-data-lake-760156505046/*\"],\"Sid\":\"S3ReadAccess\"}]}",
            "role": "meta-analyst-lambda-exec-prod"
          },
          "sensitive_attributes": [],
          "identity_schema_version": 0,
          "private": "bnVsbA==",
          "dependencies": [
            "module.iam.aws_iam_role.lambda_exec",
            "module.s3_lake.aws_s3_bucket.data_lake",
            "module.s3_lake.aws_s3_bucket_lifecycle_configuration.data_lake",
            "module.s3_lake.aws_s3_bucket_public_access_block.data_lake",
            "module.s3_lake.aws_s3_bucket_server_side_encryption_configuration.data_lake",
            "module.s3_lake.aws_s3_bucket_versioning.data_lake"
          ]
        }
      ]
    },
    {
      "module": "module.iam",
      "mode": "managed",
      "type": "aws_iam_role_policy_attachment",
      "name": "lambda_basic",
      "provider": "provider[\"registry.terraform.io/hashicorp/aws\"]",
      "instances": [
        {
          "schema_version": 0,
          "attributes": {
            "id": "meta-analyst-lambda-exec-prod-20260228175714129900000001",
            "policy_arn": "arn:aws:iam::aws:policy/service-role/AWSLambdaBasicExecutionRole",
            "role": "meta-analyst-lambda-exec-prod"
          },
          "sensitive_attributes": [],
          "identity_schema_version": 0,
          "private": "bnVsbA==",
          "dependencies": [
            "module.iam.aws_iam_role.lambda_exec",
            "module.s3_lake.aws_s3_bucket.data_lake",
            "module.s3_lake.aws_s3_bucket_lifecycle_configuration.data_lake",
            "module.s3_lake.aws_s3_bucket_public_access_block.data_lake",
            "module.s3_lake.aws_s3_bucket_server_side_encryption_configuration.data_lake",
            "module.s3_lake.aws_s3_bucket_versioning.data_lake"
          ]
        }
      ]
    },
    {
      "module": "module.s3_lake",
      "mode": "managed",
      "type": "aws_s3_bucket",
      "name": "data_lake",
      "provider": "provider[\"registry.terraform.io/hashicorp/aws\"]",
      "instances": [
        {
          "schema_version": 0,
          "attributes": {
            "acceleration_status": "",
            "acl": null,
            "arn": "arn:aws:s3:::meta-analyst-data-lake-760156505046",
            "bucket": "meta-analyst-data-lake-760156505046",
            "bucket_domain_name": "meta-analyst-data-lake-760156505046.s3.amazonaws.com",
            "bucket_prefix": "",
            "bucket_regional_domain_name": "meta-analyst-data-lake-760156505046.s3.us-east-1.amazonaws.com",
            "cors_rule": [],
            "force_destroy": false,
            "grant": [
              {
                "id": "efdb679c7e189527215a83c2feaf880a45efb286dcf32c79529443ac9052bda2",
                "permissions": [
                  "FULL_CONTROL"
                ],
                "type": "CanonicalUser",
                "uri": ""
              }
            ],
            "hosted_zone_id": "Z3AQBSTGFYJSTF",
            "id": "meta-analyst-data-lake-760156505046",
            "lifecycle_rule": [
              {
                "abort_incomplete_multipart_upload_days": 0,
                "enabled": true,
                "expiration": [],
                "id": "raw_data_tiering",
                "noncurrent_version_expiration": [],
                "noncurrent_version_transition": [],
                "prefix": "raw/",
                "tags": {},
                "transition": [
                  {
                    "date": "",
                    "days": 30,
                    "storage_class": "STANDARD_IA"
                  },
                  {
                    "date": "",
                    "days": 90,
                    "storage_class": "GLACIER"
                  }
                ]
              },
              {
                "abort_incomplete_multipart_upload_days": 0,
                "enabled": true,
                "expiration": [],
                "id": "delete_old_versions",
                "noncurrent_version_expiration": [
                  {
                    "days": 30
                  }
                ],
                "noncurrent_version_transition": [],
                "prefix": "",
                "tags": {},
                "transition": []
              }
            ],
            "logging": [],
            "object_lock_configuration": [],
            "object_lock_enabled": false,
            "policy": "",
            "region": "us-east-1",
            "replication_configuration": [],
            "request_payer": "BucketOwner",
            "server_side_encryption_configuration": [
              {
                "rule": [
                  {
                    "apply_server_side_encryption_by_default": [
                      {
                        "kms_master_key_id": "",
                        "sse_algorithm": "AES256"
                      }
                    ],
                    "bucket_key_enabled": true
                  }
                ]
              }
            ],
            "tags": {},
            "tags_all": {
              "Environment": "prod",
              "ManagedBy": "terraform",
              "Project": "meta-analyst"
            },
            "timeouts": null,
            "versioning": [
              {
                "enabled": true,
                "mfa_delete": false
              }
            ],
            "website": [],
            "website_domain": null,
            "website_endpoint": null
          },
          "sensitive_attributes": [],
          "identity_schema_version": 0,
          "private": "eyJlMmJmYjczMC1lY2FhLTExZTYtOGY4OC0zNDM2M2JjN2M0YzAiOnsiY3JlYXRlIjoxMjAwMDAwMDAwMDAwLCJkZWxldGUiOjM2MDAwMDAwMDAwMDAsInJlYWQiOjEyMDAwMDAwMDAwMDAsInVwZGF0ZSI6MTIwMDAwMDAwMDAwMH19"
        }
      ]
    },
    {
      "module": "module.s3_lake",
      "mode": "managed",
      "type": "aws_s3_bucket_lifecycle_configuration",
      "name": "data_lake",
      "provider": "provider[\"registry.terraform.io/hashicorp/aws\"]",
      "instances": [
        {
          "schema_version": 1,
          "attributes": {
            "bucket": "meta-analyst-data-lake-760156505046",
            "expected_bucket_owner": "",
            "id": "meta-analyst-data-lake-760156505046",
            "rule": [
              {
                "abort_incomplete_multipart_upload": [],
                "expiration": [],
                "filter": [
                  {
                    "and": [],
                    "object_size_greater_than": null,
                    "object_size_less_than": null,
                    "prefix": "raw/",
                    "tag": []
                  }
                ],
                "id": "raw_data_tiering",
                "noncurrent_version_expiration": [],
                "noncurrent_version_transition": [],
                "prefix": "",
                "status": "Enabled",
                "transition": [
                  {
                    "date": null,
                    "days": 30,
                    "storage_class": "STANDARD_IA"
                  },
                  {
                    "date": null,
                    "days": 90,
                    "storage_class": "GLACIER"
                  }
                ]
              },
              {
                "abort_incomplete_multipart_upload": [],
                "expiration": [],
                "filter": [
                  {
                    "and": [],
                    "object_size_greater_than": null,
                    "object_size_less_than": null,
                    "prefix": "",
                    "tag": []
                  }
                ],
                "id": "delete_old_versions",
                "noncurrent_version_expiration": [
                  {
                    "newer_noncurrent_versions": null,
                    "noncurrent_days": 30
                  }
                ],
                "noncurrent_version_transition": [],
                "prefix": "",
                "status": "Enabled",
                "transition": []
              }
            ],
            "timeouts": null,
            "transition_default_minimum_object_size": "all_storage_classes_128K"
          },
          "sensitive_attributes": [],
          "identity_schema_version": 0,
          "dependencies": [
            "module.s3_lake.aws_s3_bucket.data_lake"
          ]
        }
      ]
    },
    {
      "module": "module.s3_lake",
      "mode": "managed",
      "type": "aws_s3_bucket_public_access_block",
      "name": "data_lake",
      "provider": "provider[\"registry.terraform.io/hashicorp/aws\"]",
      "instances": [
        {
          "schema_version": 0,
          "attributes": {
            "block_public_acls": true,
            "block_public_policy": true,
            "bucket": "meta-analyst-data-lake-760156505046",
            "id": "meta-analyst-data-lake-760156505046",
            "ignore_public_acls": true,
            "restrict_public_buckets": true
          },
          "sensitive_attributes": [],
          "identity_schema_version": 0,
          "private": "bnVsbA==",
          "dependencies": [
            "module.s3_lake.aws_s3_bucket.data_lake"
          ]
        }
      ]
    },
    {
      "module": "module.s3_lake",
      "mode": "managed",
      "type": "aws_s3_bucket_server_side_encryption_configuration",
      "name": "data_lake",
      "provider": "provider[\"registry.terraform.io/hashicorp/aws\"]",
      "instances": [
        {
          "schema_version": 0,
          "attributes": {
            "bucket": "meta-analyst-data-lake-760156505046",
            "expected_bucket_owner": "",
            "id": "meta-analyst-data-lake-760156505046",
            "rule": [
              {
                "apply_server_side_encryption_by_default": [
                  {
                    "kms_master_key_id": "",
                    "sse_algorithm": "AES256"
                  }
                ],
                "bucket_key_enabled": true
              }
            ]
          },
          "sensitive_attributes": [],
          "identity_schema_version": 0,
          "private": "bnVsbA==",
          "dependencies": [
            "module.s3_lake.aws_s3_bucket.data_lake"
          ]
        }
      ]
    },
    {
      "module": "module.s3_lake",
      "mode": "managed",
      "type": "aws_s3_bucket_versioning",
      "name": "data_lake",
      "provider": "provider[\"registry.terraform.io/hashicorp/aws\"]",
      "instances": [
        {
          "schema_version": 0,
          "attributes": {
            "bucket": "meta-analyst-data-lake-760156505046",
            "expected_bucket_owner": "",
            "id": "meta-analyst-data-lake-760156505046",
            "mfa": null,
            "versioning_configuration": [
              {
                "mfa_delete": "",
                "status": "Enabled"
              }
            ]
          },
          "sensitive_attributes": [],
          "identity_schema_version": 0,
          "private": "bnVsbA==",
          "dependencies": [
            "module.s3_lake.aws_s3_bucket.data_lake"
          ]
        }
      ]
    }
  ],
  "check_results": null
}
